{
  "nodes": {
    "nixpkgs": {
      "locked": {
        "lastModified": 1727280472,
        "narHash": "sha256-4S4A1cOOV6Xms8tmtZ1jE4hhfuxs7P2zKJ/u4R9Vu9A=",
        "owner": "NixOS",
        "repo": "nixpkgs",
        "rev": "d1171cb3880e2a024e45cbd1dd286858d1febb7d",
        "type": "github"
      },
      "original": {
        "owner": "NixOS",
        "ref": "gnome",
        "repo": "nixpkgs",
        "type": "github"
      }
    },
    "root": {
      "inputs": {
        "nixpkgs": "nixpkgs"
      }
    }
  },
  "root": "root",
  "version": 7
}
