{
  "nodes": {
    "nixpkgs": {
      "locked": {
        "lastModified": 0,
        "narHash": "sha256-8fnFlXBgM/uSvBlLWjZ0Z0sOdRBesyNdH0+esxqizGc=",
        "path": "/nix/store/rqicl40jqw5d93l43s1xq0bm6yy0gpx4-source",
        "type": "path"
      },
      "original": {
        "id": "nixpkgs",
        "type": "indirect"
      }
    },
    "nixpkgs-gnome": {
      "locked": {
        "lastModified": 1727361061,
        "narHash": "sha256-+Ia46eCCxyMS0MEzSlolBBFO1oLmAr9vMsJIM9GSmSo=",
        "owner": "NixOS",
        "repo": "nixpkgs",
        "rev": "06522ad586ac6f8e74148d1490b4c39cf9ed67be",
        "type": "github"
      },
      "original": {
        "owner": "NixOS",
        "ref": "gnome",
        "repo": "nixpkgs",
        "type": "github"
      }
    },
    "root": {
      "inputs": {
        "nixpkgs": "nixpkgs",
        "nixpkgs-gnome": "nixpkgs-gnome"
      }
    }
  },
  "root": "root",
  "version": 7
}
